
Microsoft Visual Studio Solution File, Format Version 12.00
# Visual Studio 15
VisualStudioVersion = 15.0.28307.489
MinimumVisualStudioVersion = 10.0.40219.1
Project("{FAE04EC0-301F-11D3-BF4B-00C04F79EFBC}") = "UnityEngine.UI", "UnityEngine.UI.csproj", "{423B8C55-893B-228B-5085-F120EACA0A54}"
EndProject
Project("{FAE04EC0-301F-11D3-BF4B-00C04F79EFBC}") = "PhotonUnityNetworking.Utilities", "PhotonUnityNetworking.Utilities.csproj", "{BE44FF3E-D75A-D67D-720C-A18D8293ADB6}"
EndProject
Project("{FAE04EC0-301F-11D3-BF4B-00C04F79EFBC}") = "Assembly-CSharp", "Assembly-CSharp.csproj", "{27737448-AB42-5142-FF85-1C646D35FF11}"
EndProject
Project("{FAE04EC0-301F-11D3-BF4B-00C04F79EFBC}") = "UnityEngine.TestRunner", "UnityEngine.TestRunner.csproj", "{FAF5D0ED-CD0C-0D48-75DD-35E9D6179DAB}"
EndProject
Project("{FAE04EC0-301F-11D3-BF4B-00C04F79EFBC}") = "Unity.Timeline", "Unity.Timeline.csproj", "{690B268D-8832-2421-7A96-4CF3BDF85C3B}"
EndProject
Project("{FAE04EC0-301F-11D3-BF4B-00C04F79EFBC}") = "PhotonUnityNetworking.Demos", "PhotonUnityNetworking.Demos.csproj", "{2B879ECE-FF4B-980F-B48A-D20188F4A646}"
EndProject
Project("{FAE04EC0-301F-11D3-BF4B-00C04F79EFBC}") = "PhotonUnityNetworking", "PhotonUnityNetworking.csproj", "{FBD457FF-6BFC-8F63-BF81-D88AFFEF8BA3}"
EndProject
Project("{FAE04EC0-301F-11D3-BF4B-00C04F79EFBC}") = "Unity.TextMeshPro", "Unity.TextMeshPro.csproj", "{268D114B-6FE2-1734-360C-1F8C1DB75D9A}"
EndProject
Project("{FAE04EC0-301F-11D3-BF4B-00C04F79EFBC}") = "PhotonChat", "PhotonChat.csproj", "{0D62788C-BA78-2D7E-F6FF-954680893363}"
EndProject
Project("{FAE04EC0-301F-11D3-BF4B-00C04F79EFBC}") = "PhotonRealtime", "PhotonRealtime.csproj", "{D6B153FF-8404-ECF0-4860-BF23B4CCEE7B}"
EndProject
Project("{FAE04EC0-301F-11D3-BF4B-00C04F79EFBC}") = "UnityEditor.TestRunner", "UnityEditor.TestRunner.csproj", "{530ADFF2-82D1-3753-6CD0-ABBCCE7AABF0}"
EndProject
Project("{FAE04EC0-301F-11D3-BF4B-00C04F79EFBC}") = "Unity.PlasticSCM.Editor", "Unity.PlasticSCM.Editor.csproj", "{DA5F2487-338F-ACCF-E925-1C57344F0F69}"
EndProject
Project("{FAE04EC0-301F-11D3-BF4B-00C04F79EFBC}") = "UnityEditor.UI", "UnityEditor.UI.csproj", "{9F812EB1-2A40-7E1F-25AE-DE8A5E136DA8}"
EndProject
Project("{FAE04EC0-301F-11D3-BF4B-00C04F79EFBC}") = "Unity.Services.Core.Editor", "Unity.Services.Core.Editor.csproj", "{396A0819-665C-5BC6-D378-1DB213D7A514}"
EndProject
Project("{FAE04EC0-301F-11D3-BF4B-00C04F79EFBC}") = "Unity.Timeline.Editor", "Unity.Timeline.Editor.csproj", "{952A350C-18A9-2A2A-7F77-0F4141E7709A}"
EndProject
Project("{FAE04EC0-301F-11D3-BF4B-00C04F79EFBC}") = "Unity.VisualStudio.Editor", "Unity.VisualStudio.Editor.csproj", "{BCDB131A-0C67-956A-F932-FEBC6B3EDB3B}"
EndProject
Project("{FAE04EC0-301F-11D3-BF4B-00C04F79EFBC}") = "PhotonUnityNetworking.Editor", "PhotonUnityNetworking.Editor.csproj", "{15A26FF9-94D4-8638-A2AE-E9CDD69E7E71}"
EndProject
Project("{FAE04EC0-301F-11D3-BF4B-00C04F79EFBC}") = "Unity.TextMeshPro.Editor", "Unity.TextMeshPro.Editor.csproj", "{EE98C486-7E39-B7CB-A5B1-C32618533698}"
EndProject
Project("{FAE04EC0-301F-11D3-BF4B-00C04F79EFBC}") = "Unity.CollabProxy.Editor", "Unity.CollabProxy.Editor.csproj", "{F084E02B-3576-1A68-E0BD-A2127C0863F2}"
EndProject
Project("{FAE04EC0-301F-11D3-BF4B-00C04F79EFBC}") = "Unity.Rider.Editor", "Unity.Rider.Editor.csproj", "{2C292992-617B-6C11-5D98-B15CCB5EB3B2}"
EndProject
Project("{FAE04EC0-301F-11D3-BF4B-00C04F79EFBC}") = "Unity.VSCode.Editor", "Unity.VSCode.Editor.csproj", "{EDA063D0-0F50-AC53-6619-D1499192E6D3}"
EndProject
Project("{FAE04EC0-301F-11D3-BF4B-00C04F79EFBC}") = "PhotonUnityNetworking.Utilities.PhotonPlayer.Editor", "PhotonUnityNetworking.Utilities.PhotonPlayer.Editor.csproj", "{A2F8C4C3-4282-6BDB-3B6B-7CE5B09A2E5F}"
EndProject
Project("{FAE04EC0-301F-11D3-BF4B-00C04F79EFBC}") = "PunDemos.DemoSlotcarEditor", "PunDemos.DemoSlotcarEditor.csproj", "{2CBA242F-8E08-F7F7-8A58-99FDB9FF64CD}"
EndProject
Project("{FAE04EC0-301F-11D3-BF4B-00C04F79EFBC}") = "PhotonUnityNetworking.Utilities.Culling.Editor", "PhotonUnityNetworking.Utilities.Culling.Editor.csproj", "{CD18A70C-0853-46E4-531E-D69E9CFCEA85}"
EndProject
Project("{FAE04EC0-301F-11D3-BF4B-00C04F79EFBC}") = "PunDemos.DemoHubEditor", "PunDemos.DemoHubEditor.csproj", "{FBC43C44-6D97-4782-AA7A-1D7553C1B248}"
EndProject
Global
	GlobalSection(SolutionConfigurationPlatforms) = preSolution
		Debug|Any CPU = Debug|Any CPU
	EndGlobalSection
	GlobalSection(ProjectConfigurationPlatforms) = postSolution
		{423B8C55-893B-228B-5085-F120EACA0A54}.Debug|Any CPU.ActiveCfg = Debug|Any CPU
		{423B8C55-893B-228B-5085-F120EACA0A54}.Debug|Any CPU.Build.0 = Debug|Any CPU
		{BE44FF3E-D75A-D67D-720C-A18D8293ADB6}.Debug|Any CPU.ActiveCfg = Debug|Any CPU
		{BE44FF3E-D75A-D67D-720C-A18D8293ADB6}.Debug|Any CPU.Build.0 = Debug|Any CPU
		{27737448-AB42-5142-FF85-1C646D35FF11}.Debug|Any CPU.ActiveCfg = Debug|Any CPU
		{27737448-AB42-5142-FF85-1C646D35FF11}.Debug|Any CPU.Build.0 = Debug|Any CPU
		{FAF5D0ED-CD0C-0D48-75DD-35E9D6179DAB}.Debug|Any CPU.ActiveCfg = Debug|Any CPU
		{FAF5D0ED-CD0C-0D48-75DD-35E9D6179DAB}.Debug|Any CPU.Build.0 = Debug|Any CPU
		{690B268D-8832-2421-7A96-4CF3BDF85C3B}.Debug|Any CPU.ActiveCfg = Debug|Any CPU
		{690B268D-8832-2421-7A96-4CF3BDF85C3B}.Debug|Any CPU.Build.0 = Debug|Any CPU
		{2B879ECE-FF4B-980F-B48A-D20188F4A646}.Debug|Any CPU.ActiveCfg = Debug|Any CPU
		{2B879ECE-FF4B-980F-B48A-D20188F4A646}.Debug|Any CPU.Build.0 = Debug|Any CPU
		{FBD457FF-6BFC-8F63-BF81-D88AFFEF8BA3}.Debug|Any CPU.ActiveCfg = Debug|Any CPU
		{FBD457FF-6BFC-8F63-BF81-D88AFFEF8BA3}.Debug|Any CPU.Build.0 = Debug|Any CPU
		{268D114B-6FE2-1734-360C-1F8C1DB75D9A}.Debug|Any CPU.ActiveCfg = Debug|Any CPU
		{268D114B-6FE2-1734-360C-1F8C1DB75D9A}.Debug|Any CPU.Build.0 = Debug|Any CPU
		{0D62788C-BA78-2D7E-F6FF-954680893363}.Debug|Any CPU.ActiveCfg = Debug|Any CPU
		{0D62788C-BA78-2D7E-F6FF-954680893363}.Debug|Any CPU.Build.0 = Debug|Any CPU
		{D6B153FF-8404-ECF0-4860-BF23B4CCEE7B}.Debug|Any CPU.ActiveCfg = Debug|Any CPU
		{D6B153FF-8404-ECF0-4860-BF23B4CCEE7B}.Debug|Any CPU.Build.0 = Debug|Any CPU
		{530ADFF2-82D1-3753-6CD0-ABBCCE7AABF0}.Debug|Any CPU.ActiveCfg = Debug|Any CPU
		{530ADFF2-82D1-3753-6CD0-ABBCCE7AABF0}.Debug|Any CPU.Build.0 = Debug|Any CPU
		{DA5F2487-338F-ACCF-E925-1C57344F0F69}.Debug|Any CPU.ActiveCfg = Debug|Any CPU
		{DA5F2487-338F-ACCF-E925-1C57344F0F69}.Debug|Any CPU.Build.0 = Debug|Any CPU
		{9F812EB1-2A40-7E1F-25AE-DE8A5E136DA8}.Debug|Any CPU.ActiveCfg = Debug|Any CPU
		{9F812EB1-2A40-7E1F-25AE-DE8A5E136DA8}.Debug|Any CPU.Build.0 = Debug|Any CPU
		{396A0819-665C-5BC6-D378-1DB213D7A514}.Debug|Any CPU.ActiveCfg = Debug|Any CPU
		{396A0819-665C-5BC6-D378-1DB213D7A514}.Debug|Any CPU.Build.0 = Debug|Any CPU
		{952A350C-18A9-2A2A-7F77-0F4141E7709A}.Debug|Any CPU.ActiveCfg = Debug|Any CPU
		{952A350C-18A9-2A2A-7F77-0F4141E7709A}.Debug|Any CPU.Build.0 = Debug|Any CPU
		{BCDB131A-0C67-956A-F932-FEBC6B3EDB3B}.Debug|Any CPU.ActiveCfg = Debug|Any CPU
		{BCDB131A-0C67-956A-F932-FEBC6B3EDB3B}.Debug|Any CPU.Build.0 = Debug|Any CPU
		{15A26FF9-94D4-8638-A2AE-E9CDD69E7E71}.Debug|Any CPU.ActiveCfg = Debug|Any CPU
		{15A26FF9-94D4-8638-A2AE-E9CDD69E7E71}.Debug|Any CPU.Build.0 = Debug|Any CPU
		{EE98C486-7E39-B7CB-A5B1-C32618533698}.Debug|Any CPU.ActiveCfg = Debug|Any CPU
		{EE98C486-7E39-B7CB-A5B1-C32618533698}.Debug|Any CPU.Build.0 = Debug|Any CPU
		{F084E02B-3576-1A68-E0BD-A2127C0863F2}.Debug|Any CPU.ActiveCfg = Debug|Any CPU
		{F084E02B-3576-1A68-E0BD-A2127C0863F2}.Debug|Any CPU.Build.0 = Debug|Any CPU
		{2C292992-617B-6C11-5D98-B15CCB5EB3B2}.Debug|Any CPU.ActiveCfg = Debug|Any CPU
		{2C292992-617B-6C11-5D98-B15CCB5EB3B2}.Debug|Any CPU.Build.0 = Debug|Any CPU
		{EDA063D0-0F50-AC53-6619-D1499192E6D3}.Debug|Any CPU.ActiveCfg = Debug|Any CPU
		{EDA063D0-0F50-AC53-6619-D1499192E6D3}.Debug|Any CPU.Build.0 = Debug|Any CPU
		{A2F8C4C3-4282-6BDB-3B6B-7CE5B09A2E5F}.Debug|Any CPU.ActiveCfg = Debug|Any CPU
		{A2F8C4C3-4282-6BDB-3B6B-7CE5B09A2E5F}.Debug|Any CPU.Build.0 = Debug|Any CPU
		{2CBA242F-8E08-F7F7-8A58-99FDB9FF64CD}.Debug|Any CPU.ActiveCfg = Debug|Any CPU
		{2CBA242F-8E08-F7F7-8A58-99FDB9FF64CD}.Debug|Any CPU.Build.0 = Debug|Any CPU
		{CD18A70C-0853-46E4-531E-D69E9CFCEA85}.Debug|Any CPU.ActiveCfg = Debug|Any CPU
		{CD18A70C-0853-46E4-531E-D69E9CFCEA85}.Debug|Any CPU.Build.0 = Debug|Any CPU
		{FBC43C44-6D97-4782-AA7A-1D7553C1B248}.Debug|Any CPU.ActiveCfg = Debug|Any CPU
		{FBC43C44-6D97-4782-AA7A-1D7553C1B248}.Debug|Any CPU.Build.0 = Debug|Any CPU
	EndGlobalSection
	GlobalSection(SolutionProperties) = preSolution
		HideSolutionNode = FALSE
	EndGlobalSection
	GlobalSection(ExtensibilityGlobals) = postSolution
		SolutionGuid = {AFE31FCE-152B-421B-A95B-6DD5FB0FD34F}
	EndGlobalSection
EndGlobal
